{
  "version": 4,
  "terraform_version": "1.9.8",
  "serial": 54,
  "lineage": "8ae90667-8d06-1288-cd8c-a0f2ab5f15ac",
  "outputs": {
    "Lab": {
      "value": "lab4 first output",
      "type": "string"
    },
    "LabCC": {
      "value": "Value from tfvars file",
      "type": "string"
    },
    "getelement": {
      "value": "are",
      "type": "string"
    },
    "my_region_map": {
      "value": {
        "apac": "Asia/Pacific",
        "eu": "Europe",
        "us": "United States"
      },
      "type": [
        "object",
        {
          "apac": "string",
          "eu": "string",
          "us": "string"
        }
      ]
    },
    "nestedlist": {
      "value": "item4",
      "type": "string"
    },
    "oneMapElement": {
      "value": "United States",
      "type": "string"
    },
    "useindex": {
      "value": "are",
      "type": "string"
    }
  },
  "resources": [
    {
      "mode": "managed",
      "type": "docker_container",
      "name": "nginx",
      "provider": "provider[\"registry.terraform.io/kreuzwerker/docker\"]",
      "instances": [
        {
          "schema_version": 2,
          "attributes": {
            "attach": false,
            "bridge": "",
            "capabilities": [],
            "command": [
              "nginx",
              "-g",
              "daemon off;"
            ],
            "container_logs": null,
            "cpu_set": "",
            "cpu_shares": 0,
            "destroy_grace_seconds": null,
            "devices": [],
            "dns": null,
            "dns_opts": null,
            "dns_search": null,
            "domainname": "",
            "entrypoint": [
              "/docker-entrypoint.sh"
            ],
            "env": [],
            "exit_code": null,
            "gateway": "172.17.0.1",
            "group_add": null,
            "healthcheck": null,
            "host": [],
            "hostname": "fa8946dbdd1a",
            "id": "fa8946dbdd1af7791993937c179eaf064854c37bf934e12aa92137f0ab59c362",
            "image": "sha256:3b25b682ea82b2db3cc4fd48db818be788ee3f902ac7378090cf2624ec2442df",
            "init": false,
            "ip_address": "172.17.0.2",
            "ip_prefix_length": 16,
            "ipc_mode": "private",
            "labels": [],
            "links": null,
            "log_driver": "json-file",
            "log_opts": null,
            "logs": false,
            "max_retry_count": 0,
            "memory": 0,
            "memory_swap": 0,
            "mounts": [],
            "must_run": true,
            "name": "tutorial",
            "network_alias": null,
            "network_data": [
              {
                "gateway": "172.17.0.1",
                "global_ipv6_address": "",
                "global_ipv6_prefix_length": 0,
                "ip_address": "172.17.0.2",
                "ip_prefix_length": 16,
                "ipv6_gateway": "",
                "network_name": "bridge"
              }
            ],
            "network_mode": "bridge",
            "networks": null,
            "networks_advanced": [],
            "pid_mode": "",
            "ports": [
              {
                "external": 8000,
                "internal": 80,
                "ip": "0.0.0.0",
                "protocol": "tcp"
              }
            ],
            "privileged": false,
            "publish_all_ports": false,
            "read_only": false,
            "remove_volumes": true,
            "restart": "no",
            "rm": false,
            "security_opts": [],
            "shm_size": 64,
            "start": true,
            "stdin_open": false,
            "sysctls": null,
            "tmpfs": null,
            "tty": false,
            "ulimit": [],
            "upload": [],
            "user": "",
            "userns_mode": "",
            "volumes": [],
            "working_dir": ""
          },
          "sensitive_attributes": [],
          "private": "eyJzY2hlbWFfdmVyc2lvbiI6IjIifQ==",
          "dependencies": [
            "docker_image.nginx"
          ]
        }
      ]
    },
    {
      "mode": "managed",
      "type": "docker_image",
      "name": "nginx",
      "provider": "provider[\"registry.terraform.io/kreuzwerker/docker\"]",
      "instances": [
        {
          "schema_version": 0,
          "attributes": {
            "build": [],
            "force_remove": null,
            "id": "sha256:3b25b682ea82b2db3cc4fd48db818be788ee3f902ac7378090cf2624ec2442dfnginx:latest",
            "keep_locally": false,
            "latest": "sha256:3b25b682ea82b2db3cc4fd48db818be788ee3f902ac7378090cf2624ec2442df",
            "name": "nginx:latest",
            "output": null,
            "pull_trigger": null,
            "pull_triggers": null,
            "repo_digest": "nginx@sha256:28402db69fec7c17e179ea87882667f1e054391138f77ffaf0c3eb388efc3ffb"
          },
          "sensitive_attributes": [],
          "private": "bnVsbA=="
        }
      ]
    }
  ],
  "check_results": null
}
